
Microsoft Visual Studio Solution File, Format Version 12.00
# Visual Studio Version 16
VisualStudioVersion = 16.0.30104.148
MinimumVisualStudioVersion = 10.0.40219.1
Project("{9A19103F-16F7-4668-BE54-9A1E7A4F7556}") = "GerenciamentoDeclientes.App", "GerenciamentoDeclientes.App\GerenciamentoDeclientes.App.csproj", "{2A1B735E-C690-4343-B928-B93BE139DBA3}"
EndProject
Project("{9A19103F-16F7-4668-BE54-9A1E7A4F7556}") = "GerenciamentoDeClientes.Domanin", "GerenciamentoDeClientes.Domanin\GerenciamentoDeClientes.Domanin.csproj", "{545F8879-658C-4A00-8BF2-EAA48AB66E54}"
EndProject
Project("{9A19103F-16F7-4668-BE54-9A1E7A4F7556}") = "GerenciamentoDeClientes.Infra", "GerenciamentoDeClientes.Infra\GerenciamentoDeClientes.Infra.csproj", "{8D507CB2-4801-42A4-9AA9-0FD3686E923A}"
EndProject
Project("{9A19103F-16F7-4668-BE54-9A1E7A4F7556}") = "GerenciamentoDeClientes.Tests", "GerenciamentoDeClientes.Tests\GerenciamentoDeClientes.Tests.csproj", "{6C038EEA-EC2F-440C-825D-F60585140F1A}"
EndProject
Project("{FAE04EC0-301F-11D3-BF4B-00C04F79EFBC}") = "GerenciamentoDeClientes.Service", "GerenciamentoDeClientes.Service\GerenciamentoDeClientes.Service.csproj", "{15B049B8-620E-4618-8A04-BA8AB165DB4D}"
EndProject
Global
	GlobalSection(SolutionConfigurationPlatforms) = preSolution
		Debug|Any CPU = Debug|Any CPU
		Release|Any CPU = Release|Any CPU
	EndGlobalSection
	GlobalSection(ProjectConfigurationPlatforms) = postSolution
		{2A1B735E-C690-4343-B928-B93BE139DBA3}.Debug|Any CPU.ActiveCfg = Debug|Any CPU
		{2A1B735E-C690-4343-B928-B93BE139DBA3}.Debug|Any CPU.Build.0 = Debug|Any CPU
		{2A1B735E-C690-4343-B928-B93BE139DBA3}.Release|Any CPU.ActiveCfg = Release|Any CPU
		{2A1B735E-C690-4343-B928-B93BE139DBA3}.Release|Any CPU.Build.0 = Release|Any CPU
		{545F8879-658C-4A00-8BF2-EAA48AB66E54}.Debug|Any CPU.ActiveCfg = Debug|Any CPU
		{545F8879-658C-4A00-8BF2-EAA48AB66E54}.Debug|Any CPU.Build.0 = Debug|Any CPU
		{545F8879-658C-4A00-8BF2-EAA48AB66E54}.Release|Any CPU.ActiveCfg = Release|Any CPU
		{545F8879-658C-4A00-8BF2-EAA48AB66E54}.Release|Any CPU.Build.0 = Release|Any CPU
		{8D507CB2-4801-42A4-9AA9-0FD3686E923A}.Debug|Any CPU.ActiveCfg = Debug|Any CPU
		{8D507CB2-4801-42A4-9AA9-0FD3686E923A}.Debug|Any CPU.Build.0 = Debug|Any CPU
		{8D507CB2-4801-42A4-9AA9-0FD3686E923A}.Release|Any CPU.ActiveCfg = Release|Any CPU
		{8D507CB2-4801-42A4-9AA9-0FD3686E923A}.Release|Any CPU.Build.0 = Release|Any CPU
		{6C038EEA-EC2F-440C-825D-F60585140F1A}.Debug|Any CPU.ActiveCfg = Debug|Any CPU
		{6C038EEA-EC2F-440C-825D-F60585140F1A}.Debug|Any CPU.Build.0 = Debug|Any CPU
		{6C038EEA-EC2F-440C-825D-F60585140F1A}.Release|Any CPU.ActiveCfg = Release|Any CPU
		{6C038EEA-EC2F-440C-825D-F60585140F1A}.Release|Any CPU.Build.0 = Release|Any CPU
		{15B049B8-620E-4618-8A04-BA8AB165DB4D}.Debug|Any CPU.ActiveCfg = Debug|Any CPU
		{15B049B8-620E-4618-8A04-BA8AB165DB4D}.Debug|Any CPU.Build.0 = Debug|Any CPU
		{15B049B8-620E-4618-8A04-BA8AB165DB4D}.Release|Any CPU.ActiveCfg = Release|Any CPU
		{15B049B8-620E-4618-8A04-BA8AB165DB4D}.Release|Any CPU.Build.0 = Release|Any CPU
	EndGlobalSection
	GlobalSection(SolutionProperties) = preSolution
		HideSolutionNode = FALSE
	EndGlobalSection
	GlobalSection(ExtensibilityGlobals) = postSolution
		SolutionGuid = {4583C3F2-2904-4D58-8382-A8E7083E7E7E}
	EndGlobalSection
EndGlobal
